# This file is autogenerated, do not edit; changes may be undone by the next 'dep ensure'.


[[projects]]
  name = "github.com/unidoc/unidoc"
  packages = ["common","common/license","pdf/core","pdf/model","pdf/model/fonts","pdf/model/sampling","pdf/model/textencoding","pdf/ps"]
  revision = "144fa3f75be7cab29ecd8d3bfb9673fcc649f372"
  version = "v2.0.1"

[[projects]]
  branch = "master"
  name = "golang.org/x/image"
  packages = ["tiff/lzw"]
  revision = "12117c17ca67ffa1ce22e9409f3b0b0a93ac08c7"

[solve-meta]
  analyzer-name = "dep"
  analyzer-version = 1
  inputs-digest = "7e8480159258a5bdbaca65611d1a92ed95da5c4d7f0a0602d219ebc4e36e2b28"
  solver-name = "gps-cdcl"
  solver-version = 1
